// !$*UTF8*$!
{
	archiveVersion = 1;
	classes = {
	};
	objectVersion = 46;
	objects = {

/* Begin PBXBuildFile section */
		76D619D81BCA426A0003B325 /* AppDelegate.swift in Sources */ = {isa = PBXBuildFile; fileRef = 76D619D71BCA426A0003B325 /* AppDelegate.swift */; };
		76D619DA1BCA426A0003B325 /* ViewController.swift in Sources */ = {isa = PBXBuildFile; fileRef = 76D619D91BCA426A0003B325 /* ViewController.swift */; };
		76D619DD1BCA426A0003B325 /* Main.storyboard in Resources */ = {isa = PBXBuildFile; fileRef = 76D619DB1BCA426A0003B325 /* Main.storyboard */; };
		76D619DF1BCA426A0003B325 /* Assets.xcassets in Resources */ = {isa = PBXBuildFile; fileRef = 76D619DE1BCA426A0003B325 /* Assets.xcassets */; };
		76D619E21BCA426A0003B325 /* LaunchScreen.storyboard in Resources */ = {isa = PBXBuildFile; fileRef = 76D619E01BCA426A0003B325 /* LaunchScreen.storyboard */; };
		76D61A2E1BCB51490003B325 /* TamanioViewController.swift in Sources */ = {isa = PBXBuildFile; fileRef = 76D61A2D1BCB51490003B325 /* TamanioViewController.swift */; settings = {ASSET_TAGS = (); }; };
		76D61A301BCB51630003B325 /* TipoMasaViewController.swift in Sources */ = {isa = PBXBuildFile; fileRef = 76D61A2F1BCB51630003B325 /* TipoMasaViewController.swift */; settings = {ASSET_TAGS = (); }; };
		76D61A321BCB51740003B325 /* TipoQuesoViewController.swift in Sources */ = {isa = PBXBuildFile; fileRef = 76D61A311BCB51740003B325 /* TipoQuesoViewController.swift */; settings = {ASSET_TAGS = (); }; };
		76D61A341BCB519F0003B325 /* IngredientesViewController.swift in Sources */ = {isa = PBXBuildFile; fileRef = 76D61A331BCB519F0003B325 /* IngredientesViewController.swift */; settings = {ASSET_TAGS = (); }; };
		76D61A361BCB51DB0003B325 /* ResumenViewController.swift in Sources */ = {isa = PBXBuildFile; fileRef = 76D61A351BCB51DB0003B325 /* ResumenViewController.swift */; settings = {ASSET_TAGS = (); }; };
/* End PBXBuildFile section */

/* Begin PBXFileReference section */
		76D619D41BCA426A0003B325 /* CreaTuPizza.app */ = {isa = PBXFileReference; explicitFileType = wrapper.application; includeInIndex = 0; path = CreaTuPizza.app; sourceTree = BUILT_PRODUCTS_DIR; };
		76D619D71BCA426A0003B325 /* AppDelegate.swift */ = {isa = PBXFileReference; lastKnownFileType = sourcecode.swift; path = AppDelegate.swift; sourceTree = "<group>"; };
		76D619D91BCA426A0003B325 /* ViewController.swift */ = {isa = PBXFileReference; lastKnownFileType = sourcecode.swift; path = ViewController.swift; sourceTree = "<group>"; };
		76D619DC1BCA426A0003B325 /* Base */ = {isa = PBXFileReference; lastKnownFileType = file.storyboard; name = Base; path = Base.lproj/Main.storyboard; sourceTree = "<group>"; };
		76D619DE1BCA426A0003B325 /* Assets.xcassets */ = {isa = PBXFileReference; lastKnownFileType = folder.assetcatalog; path = Assets.xcassets; sourceTree = "<group>"; };
		76D619E11BCA426A0003B325 /* Base */ = {isa = PBXFileReference; lastKnownFileType = file.storyboard; name = Base; path = Base.lproj/LaunchScreen.storyboard; sourceTree = "<group>"; };
		76D619E31BCA426A0003B325 /* Info.plist */ = {isa = PBXFileReference; lastKnownFileType = text.plist.xml; path = Info.plist; sourceTree = "<group>"; };
		76D61A2D1BCB51490003B325 /* TamanioViewController.swift */ = {isa = PBXFileReference; fileEncoding = 4; lastKnownFileType = sourcecode.swift; path = TamanioViewController.swift; sourceTree = "<group>"; };
		76D61A2F1BCB51630003B325 /* TipoMasaViewController.swift */ = {isa = PBXFileReference; fileEncoding = 4; lastKnownFileType = sourcecode.swift; path = TipoMasaViewController.swift; sourceTree = "<group>"; };
		76D61A311BCB51740003B325 /* TipoQuesoViewController.swift */ = {isa = PBXFileReference; fileEncoding = 4; lastKnownFileType = sourcecode.swift; path = TipoQuesoViewController.swift; sourceTree = "<group>"; };
		76D61A331BCB519F0003B325 /* IngredientesViewController.swift */ = {isa = PBXFileReference; fileEncoding = 4; lastKnownFileType = sourcecode.swift; path = IngredientesViewController.swift; sourceTree = "<group>"; };
		76D61A351BCB51DB0003B325 /* ResumenViewController.swift */ = {isa = PBXFileReference; fileEncoding = 4; lastKnownFileType = sourcecode.swift; path = ResumenViewController.swift; sourceTree = "<group>"; };
/* End PBXFileReference section */

/* Begin PBXFrameworksBuildPhase section */
		76D619D11BCA426A0003B325 /* Frameworks */ = {
			isa = PBXFrameworksBuildPhase;
			buildActionMask = 2147483647;
			files = (
			);
			runOnlyForDeploymentPostprocessing = 0;
		};
/* End PBXFrameworksBuildPhase section */

/* Begin PBXGroup section */
		76D619CB1BCA426A0003B325 = {
			isa = PBXGroup;
			children = (
				76D619D61BCA426A0003B325 /* CreaTuPizza */,
				76D619D51BCA426A0003B325 /* Products */,
			);
			sourceTree = "<group>";
		};
		76D619D51BCA426A0003B325 /* Products */ = {
			isa = PBXGroup;
			children = (
				76D619D41BCA426A0003B325 /* CreaTuPizza.app */,
			);
			name = Products;
			sourceTree = "<group>";
		};
		76D619D61BCA426A0003B325 /* CreaTuPizza */ = {
			isa = PBXGroup;
			children = (
				76D619D71BCA426A0003B325 /* AppDelegate.swift */,
				76D619D91BCA426A0003B325 /* ViewController.swift */,
				76D619DB1BCA426A0003B325 /* Main.storyboard */,
				76D619DE1BCA426A0003B325 /* Assets.xcassets */,
				76D619E01BCA426A0003B325 /* LaunchScreen.storyboard */,
				76D619E31BCA426A0003B325 /* Info.plist */,
				76D61A2D1BCB51490003B325 /* TamanioViewController.swift */,
				76D61A2F1BCB51630003B325 /* TipoMasaViewController.swift */,
				76D61A311BCB51740003B325 /* TipoQuesoViewController.swift */,
				76D61A331BCB519F0003B325 /* IngredientesViewController.swift */,
				76D61A351BCB51DB0003B325 /* ResumenViewController.swift */,
			);
			path = CreaTuPizza;
			sourceTree = "<group>";
		};
/* End PBXGroup section */

/* Begin PBXNativeTarget section */
		76D619D31BCA426A0003B325 /* CreaTuPizza */ = {
			isa = PBXNativeTarget;
			buildConfigurationList = 76D619E61BCA426A0003B325 /* Build configuration list for PBXNativeTarget "CreaTuPizza" */;
			buildPhases = (
				76D619D01BCA426A0003B325 /* Sources */,
				76D619D11BCA426A0003B325 /* Frameworks */,
				76D619D21BCA426A0003B325 /* Resources */,
			);
			buildRules = (
			);
			dependencies = (
			);
			name = CreaTuPizza;
			productName = CreaTuPizza;
			productReference = 76D619D41BCA426A0003B325 /* CreaTuPizza.app */;
			productType = "com.apple.product-type.application";
		};
/* End PBXNativeTarget section */

/* Begin PBXProject section */
		76D619CC1BCA426A0003B325 /* Project object */ = {
			isa = PBXProject;
			attributes = {
				LastUpgradeCheck = 0700;
				ORGANIZATIONNAME = lsalazar;
				TargetAttributes = {
					76D619D31BCA426A0003B325 = {
						CreatedOnToolsVersion = 7.0.1;
					};
				};
			};
			buildConfigurationList = 76D619CF1BCA426A0003B325 /* Build configuration list for PBXProject "CreaTuPizza" */;
			compatibilityVersion = "Xcode 3.2";
			developmentRegion = English;
			hasScannedForEncodings = 0;
			knownRegions = (
				en,
				Base,
			);
			mainGroup = 76D619CB1BCA426A0003B325;
			productRefGroup = 76D619D51BCA426A0003B325 /* Products */;
			projectDirPath = "";
			projectRoot = "";
			targets = (
				76D619D31BCA426A0003B325 /* CreaTuPizza */,
			);
		};
/* End PBXProject section */

/* Begin PBXResourcesBuildPhase section */
		76D619D21BCA426A0003B325 /* Resources */ = {
			isa = PBXResourcesBuildPhase;
			buildActionMask = 2147483647;
			files = (
				76D619E21BCA426A0003B325 /* LaunchScreen.storyboard in Resources */,
				76D619DF1BCA426A0003B325 /* Assets.xcassets in Resources */,
				76D619DD1BCA426A0003B325 /* Main.storyboard in Resources */,
			);
			runOnlyForDeploymentPostprocessing = 0;
		};
/* End PBXResourcesBuildPhase section */

/* Begin PBXSourcesBuildPhase section */
		76D619D01BCA426A0003B325 /* Sources */ = {
			isa = PBXSourcesBuildPhase;
			buildActionMask = 2147483647;
			files = (
				76D61A341BCB519F0003B325 /* IngredientesViewController.swift in Sources */,
				76D61A301BCB51630003B325 /* TipoMasaViewController.swift in Sources */,
				76D61A2E1BCB51490003B325 /* TamanioViewController.swift in Sources */,
				76D61A321BCB51740003B325 /* TipoQuesoViewController.swift in Sources */,
				76D61A361BCB51DB0003B325 /* ResumenViewController.swift in Sources */,
				76D619DA1BCA426A0003B325 /* ViewController.swift in Sources */,
				76D619D81BCA426A0003B325 /* AppDelegate.swift in Sources */,
			);
			runOnlyForDeploymentPostprocessing = 0;
		};
/* End PBXSourcesBuildPhase section */

/* Begin PBXVariantGroup section */
		76D619DB1BCA426A0003B325 /* Main.storyboard */ = {
			isa = PBXVariantGroup;
			children = (
				76D619DC1BCA426A0003B325 /* Base */,
			);
			name = Main.storyboard;
			sourceTree = "<group>";
		};
		76D619E01BCA426A0003B325 /* LaunchScreen.storyboard */ = {
			isa = PBXVariantGroup;
			children = (
				76D619E11BCA426A0003B325 /* Base */,
			);
			name = LaunchScreen.storyboard;
			sourceTree = "<group>";
		};
/* End PBXVariantGroup section */

/* Begin XCBuildConfiguration section */
		76D619E41BCA426A0003B325 /* Debug */ = {
			isa = XCBuildConfiguration;
			buildSettings = {
				ALWAYS_SEARCH_USER_PATHS = NO;
				CLANG_CXX_LANGUAGE_STANDARD = "gnu++0x";
				CLANG_CXX_LIBRARY = "libc++";
				CLANG_ENABLE_MODULES = YES;
				CLANG_ENABLE_OBJC_ARC = YES;
				CLANG_WARN_BOOL_CONVERSION = YES;
				CLANG_WARN_CONSTANT_CONVERSION = YES;
				CLANG_WARN_DIRECT_OBJC_ISA_USAGE = YES_ERROR;
				CLANG_WARN_EMPTY_BODY = YES;
				CLANG_WARN_ENUM_CONVERSION = YES;
				CLANG_WARN_INT_CONVERSION = YES;
				CLANG_WARN_OBJC_ROOT_CLASS = YES_ERROR;
				CLANG_WARN_UNREACHABLE_CODE = YES;
				CLANG_WARN__DUPLICATE_METHOD_MATCH = YES;
				"CODE_SIGN_IDENTITY[sdk=iphoneos*]" = "iPhone Developer";
				COPY_PHASE_STRIP = NO;
				DEBUG_INFORMATION_FORMAT = dwarf;
				ENABLE_STRICT_OBJC_MSGSEND = YES;
				ENABLE_TESTABILITY = YES;
				GCC_C_LANGUAGE_STANDARD = gnu99;
				GCC_DYNAMIC_NO_PIC = NO;
				GCC_NO_COMMON_BLOCKS = YES;
				GCC_OPTIMIZATION_LEVEL = 0;
				GCC_PREPROCESSOR_DEFINITIONS = (
					"DEBUG=1",
					"$(inherited)",
				);
				GCC_WARN_64_TO_32_BIT_CONVERSION = YES;
				GCC_WARN_ABOUT_RETURN_TYPE = YES_ERROR;
				GCC_WARN_UNDECLARED_SELECTOR = YES;
				GCC_WARN_UNINITIALIZED_AUTOS = YES_AGGRESSIVE;
				GCC_WARN_UNUSED_FUNCTION = YES;
				GCC_WARN_UNUSED_VARIABLE = YES;
				IPHONEOS_DEPLOYMENT_TARGET = 9.0;
				MTL_ENABLE_DEBUG_INFO = YES;
				ONLY_ACTIVE_ARCH = YES;
				SDKROOT = iphoneos;
				SWIFT_OPTIMIZATION_LEVEL = "-Onone";
				TARGETED_DEVICE_FAMILY = "1,2";
			};
			name = Debug;
		};
		76D619E51BCA426A0003B325 /* Release */ = {
			isa = XCBuildConfiguration;
			buildSettings = {
				ALWAYS_SEARCH_USER_PATHS = NO;
				CLANG_CXX_LANGUAGE_STANDARD = "gnu++0x";
				CLANG_CXX_LIBRARY = "libc++";
				CLANG_ENABLE_MODULES = YES;
				CLANG_ENABLE_OBJC_ARC = YES;
				CLANG_WARN_BOOL_CONVERSION = YES;
				CLANG_WARN_CONSTANT_CONVERSION = YES;
				CLANG_WARN_DIRECT_OBJC_ISA_USAGE = YES_ERROR;
				CLANG_WARN_EMPTY_BODY = YES;
				CLANG_WARN_ENUM_CONVERSION = YES;
				CLANG_WARN_INT_CONVERSION = YES;
				CLANG_WARN_OBJC_ROOT_CLASS = YES_ERROR;
				CLANG_WARN_UNREACHABLE_CODE = YES;
				CLANG_WARN__DUPLICATE_METHOD_MATCH = YES;
				"CODE_SIGN_IDENTITY[sdk=iphoneos*]" = "iPhone Developer";
				COPY_PHASE_STRIP = NO;
				DEBUG_INFORMATION_FORMAT = "dwarf-with-dsym";
				ENABLE_NS_ASSERTIONS = NO;
				ENABLE_STRICT_OBJC_MSGSEND = YES;
				GCC_C_LANGUAGE_STANDARD = gnu99;
				GCC_NO_COMMON_BLOCKS = YES;
				GCC_WARN_64_TO_32_BIT_CONVERSION = YES;
				GCC_WARN_ABOUT_RETURN_TYPE = YES_ERROR;
				GCC_WARN_UNDECLARED_SELECTOR = YES;
				GCC_WARN_UNINITIALIZED_AUTOS = YES_AGGRESSIVE;
				GCC_WARN_UNUSED_FUNCTION = YES;
				GCC_WARN_UNUSED_VARIABLE = YES;
				IPHONEOS_DEPLOYMENT_TARGET = 9.0;
				MTL_ENABLE_DEBUG_INFO = NO;
				SDKROOT = iphoneos;
				TARGETED_DEVICE_FAMILY = "1,2";
				VALIDATE_PRODUCT = YES;
			};
			name = Release;
		};
		76D619E71BCA426A0003B325 /* Debug */ = {
			isa = XCBuildConfiguration;
			buildSettings = {
				ASSETCATALOG_COMPILER_APPICON_NAME = AppIcon;
				INFOPLIST_FILE = CreaTuPizza/Info.plist;
				LD_RUNPATH_SEARCH_PATHS = "$(inherited) @executable_path/Frameworks";
				PRODUCT_BUNDLE_IDENTIFIER = com.luisersalazar.CreaTuPizza;
				PRODUCT_NAME = "$(TARGET_NAME)";
			};
			name = Debug;
		};
		76D619E81BCA426A0003B325 /* Release */ = {
			isa = XCBuildConfiguration;
			buildSettings = {
				ASSETCATALOG_COMPILER_APPICON_NAME = AppIcon;
				INFOPLIST_FILE = CreaTuPizza/Info.plist;
				LD_RUNPATH_SEARCH_PATHS = "$(inherited) @executable_path/Frameworks";
				PRODUCT_BUNDLE_IDENTIFIER = com.luisersalazar.CreaTuPizza;
				PRODUCT_NAME = "$(TARGET_NAME)";
			};
			name = Release;
		};
/* End XCBuildConfiguration section */

/* Begin XCConfigurationList section */
		76D619CF1BCA426A0003B325 /* Build configuration list for PBXProject "CreaTuPizza" */ = {
			isa = XCConfigurationList;
			buildConfigurations = (
				76D619E41BCA426A0003B325 /* Debug */,
				76D619E51BCA426A0003B325 /* Release */,
			);
			defaultConfigurationIsVisible = 0;
			defaultConfigurationName = Release;
		};
		76D619E61BCA426A0003B325 /* Build configuration list for PBXNativeTarget "CreaTuPizza" */ = {
			isa = XCConfigurationList;
			buildConfigurations = (
				76D619E71BCA426A0003B325 /* Debug */,
				76D619E81BCA426A0003B325 /* Release */,
			);
			defaultConfigurationIsVisible = 0;
			defaultConfigurationName = Release;
		};
/* End XCConfigurationList section */
	};
	rootObject = 76D619CC1BCA426A0003B325 /* Project object */;
}
